{
    "_meta": {
        "hash": {
            "sha256": "a78624c5a37318e65d9ed97c6c216db95e689b412dfc030b77b4e9d56f3c4a64"
        },
        "pipfile-spec": 6,
        "requires": {
            "python_version": "3.12"
        },
        "sources": [
            {
                "name": "pypi",
                "url": "https://pypi.org/simple",
                "verify_ssl": true
            }
        ]
    },
    "default": {},
    "develop": {}
}
